
Microsoft Visual Studio Solution File, Format Version 12.00
# Visual Studio Version 17
VisualStudioVersion = 17.11.35303.130
MinimumVisualStudioVersion = 10.0.40219.1
Project("{FAE04EC0-301F-11D3-BF4B-00C04F79EFBC}") = "Basics", "Basics.csproj", "{90FF2DA2-566A-430D-A1C4-9C4C2A79F2C2}"
EndProject
Global
	GlobalSection(SolutionConfigurationPlatforms) = preSolution
		Debug|Any CPU = Debug|Any CPU
		Release|Any CPU = Release|Any CPU
	EndGlobalSection
	GlobalSection(ProjectConfigurationPlatforms) = postSolution
		{90FF2DA2-566A-430D-A1C4-9C4C2A79F2C2}.Debug|Any CPU.ActiveCfg = Debug|Any CPU
		{90FF2DA2-566A-430D-A1C4-9C4C2A79F2C2}.Debug|Any CPU.Build.0 = Debug|Any CPU
		{90FF2DA2-566A-430D-A1C4-9C4C2A79F2C2}.Release|Any CPU.ActiveCfg = Release|Any CPU
		{90FF2DA2-566A-430D-A1C4-9C4C2A79F2C2}.Release|Any CPU.Build.0 = Release|Any CPU
	EndGlobalSection
	GlobalSection(SolutionProperties) = preSolution
		HideSolutionNode = FALSE
	EndGlobalSection
	GlobalSection(ExtensibilityGlobals) = postSolution
		SolutionGuid = {AF6A1C76-5585-4B0D-9211-808F94287846}
	EndGlobalSection
EndGlobal
